
Microsoft Visual Studio Solution File, Format Version 12.00
Project("{2150E333-8FDC-42A3-9474-1A3956D46DE8}") = "Solution Items", "Solution Items", "{2CDD673C-969D-4D34-8660-AB9B3CC12617}"
	ProjectSection(SolutionItems) = preProject
		compose.yaml = compose.yaml
		commands.md = commands.md
	EndProjectSection
EndProject
Project("{2150E333-8FDC-42A3-9474-1A3956D46DE8}") = "src", "src", "{0BA30F7E-62AC-4F32-941E-58E6DBAE880B}"
EndProject
Project("{2150E333-8FDC-42A3-9474-1A3956D46DE8}") = "test", "test", "{9FE90C67-B8EC-4628-8A97-19507AFF9C45}"
EndProject
Project("{FAE04EC0-301F-11D3-BF4B-00C04F79EFBC}") = "CareerCompass.Api", "src\CareerCompass.Api\CareerCompass.Api.csproj", "{8AEA1CFC-D9FF-48DB-B118-234D1D4BE983}"
EndProject
Project("{FAE04EC0-301F-11D3-BF4B-00C04F79EFBC}") = "CareerCompass.Core", "src\CareerCompass.Core\CareerCompass.Core.csproj", "{7540AF09-489D-48C5-899B-2CCF5BDFC6B4}"
EndProject
Project("{FAE04EC0-301F-11D3-BF4B-00C04F79EFBC}") = "CareerCompass.Infrastructure", "src\CareerCompass.Infrastructure\CareerCompass.Infrastructure.csproj", "{BD0997CA-CD43-4F5F-9F78-B89BD0A42207}"
EndProject
Project("{FAE04EC0-301F-11D3-BF4B-00C04F79EFBC}") = "CareerCompass.Api.Playground", "src\CareerCompass.Api.Playground\CareerCompass.Api.Playground.csproj", "{63BDA06D-1C30-4C86-A657-6299FF284FF3}"
EndProject
Project("{FAE04EC0-301F-11D3-BF4B-00C04F79EFBC}") = "CareerCompass.Tests.Integration", "test\CareerCompass.Tests.Integration\CareerCompass.Tests.Integration.csproj", "{C548576F-DFEF-4484-949B-1411841EEB6B}"
EndProject
Project("{FAE04EC0-301F-11D3-BF4B-00C04F79EFBC}") = "CareerCompass.Tests.Unit.Core", "test\CareerCompass.Tests.Unit.Core\CareerCompass.Tests.Unit.Core.csproj", "{50929B21-30C7-4A9D-BC94-EBAAA236268F}"
EndProject
Project("{FAE04EC0-301F-11D3-BF4B-00C04F79EFBC}") = "Playground", "src\Playground\Playground.csproj", "{3B479606-8642-49DB-874E-545C33F2D876}"
EndProject
Project("{FAE04EC0-301F-11D3-BF4B-00C04F79EFBC}") = "CareerCompass.Aspire.AppHost", "src\CareerCompass.Aspire.AppHost\CareerCompass.Aspire.AppHost.csproj", "{4E675C51-CC35-4C79-85C6-840585EF0626}"
EndProject
Project("{FAE04EC0-301F-11D3-BF4B-00C04F79EFBC}") = "CareerCompass.Aspire.ServiceDefaults", "src\CareerCompass.Aspire.ServiceDefaults\CareerCompass.Aspire.ServiceDefaults.csproj", "{F7F6FAD5-2A2E-4D75-81D2-59AF252F9744}"
EndProject
Project("{FAE04EC0-301F-11D3-BF4B-00C04F79EFBC}") = "CareerCompass.Tests.Fakers", "tests\CareerCompass.Tests.Fakers\CareerCompass.Tests.Fakers.csproj", "{461F11B4-8052-4294-AC2C-9332C2EB0EAB}"
EndProject
EndProject
Global
	GlobalSection(SolutionConfigurationPlatforms) = preSolution
		Debug|Any CPU = Debug|Any CPU
		Release|Any CPU = Release|Any CPU
	EndGlobalSection
	GlobalSection(ProjectConfigurationPlatforms) = postSolution
		{5D0C3AF4-2C52-4230-875A-6F683111EC96}.Debug|Any CPU.ActiveCfg = Debug|Any CPU
		{5D0C3AF4-2C52-4230-875A-6F683111EC96}.Debug|Any CPU.Build.0 = Debug|Any CPU
		{5D0C3AF4-2C52-4230-875A-6F683111EC96}.Release|Any CPU.ActiveCfg = Release|Any CPU
		{5D0C3AF4-2C52-4230-875A-6F683111EC96}.Release|Any CPU.Build.0 = Release|Any CPU
		{AAF6998D-5966-428A-9C69-299862A45AFB}.Debug|Any CPU.ActiveCfg = Debug|Any CPU
		{AAF6998D-5966-428A-9C69-299862A45AFB}.Debug|Any CPU.Build.0 = Debug|Any CPU
		{AAF6998D-5966-428A-9C69-299862A45AFB}.Release|Any CPU.ActiveCfg = Release|Any CPU
		{AAF6998D-5966-428A-9C69-299862A45AFB}.Release|Any CPU.Build.0 = Release|Any CPU
		{8AEA1CFC-D9FF-48DB-B118-234D1D4BE983}.Debug|Any CPU.ActiveCfg = Debug|Any CPU
		{8AEA1CFC-D9FF-48DB-B118-234D1D4BE983}.Debug|Any CPU.Build.0 = Debug|Any CPU
		{8AEA1CFC-D9FF-48DB-B118-234D1D4BE983}.Release|Any CPU.ActiveCfg = Release|Any CPU
		{8AEA1CFC-D9FF-48DB-B118-234D1D4BE983}.Release|Any CPU.Build.0 = Release|Any CPU
		{7540AF09-489D-48C5-899B-2CCF5BDFC6B4}.Debug|Any CPU.ActiveCfg = Debug|Any CPU
		{7540AF09-489D-48C5-899B-2CCF5BDFC6B4}.Debug|Any CPU.Build.0 = Debug|Any CPU
		{7540AF09-489D-48C5-899B-2CCF5BDFC6B4}.Release|Any CPU.ActiveCfg = Release|Any CPU
		{7540AF09-489D-48C5-899B-2CCF5BDFC6B4}.Release|Any CPU.Build.0 = Release|Any CPU
		{BD0997CA-CD43-4F5F-9F78-B89BD0A42207}.Debug|Any CPU.ActiveCfg = Debug|Any CPU
		{BD0997CA-CD43-4F5F-9F78-B89BD0A42207}.Debug|Any CPU.Build.0 = Debug|Any CPU
		{BD0997CA-CD43-4F5F-9F78-B89BD0A42207}.Release|Any CPU.ActiveCfg = Release|Any CPU
		{BD0997CA-CD43-4F5F-9F78-B89BD0A42207}.Release|Any CPU.Build.0 = Release|Any CPU
		{63BDA06D-1C30-4C86-A657-6299FF284FF3}.Debug|Any CPU.ActiveCfg = Debug|Any CPU
		{63BDA06D-1C30-4C86-A657-6299FF284FF3}.Debug|Any CPU.Build.0 = Debug|Any CPU
		{63BDA06D-1C30-4C86-A657-6299FF284FF3}.Release|Any CPU.ActiveCfg = Release|Any CPU
		{63BDA06D-1C30-4C86-A657-6299FF284FF3}.Release|Any CPU.Build.0 = Release|Any CPU
		{C548576F-DFEF-4484-949B-1411841EEB6B}.Debug|Any CPU.ActiveCfg = Debug|Any CPU
		{C548576F-DFEF-4484-949B-1411841EEB6B}.Debug|Any CPU.Build.0 = Debug|Any CPU
		{C548576F-DFEF-4484-949B-1411841EEB6B}.Release|Any CPU.ActiveCfg = Release|Any CPU
		{C548576F-DFEF-4484-949B-1411841EEB6B}.Release|Any CPU.Build.0 = Release|Any CPU
		{50929B21-30C7-4A9D-BC94-EBAAA236268F}.Debug|Any CPU.ActiveCfg = Debug|Any CPU
		{50929B21-30C7-4A9D-BC94-EBAAA236268F}.Debug|Any CPU.Build.0 = Debug|Any CPU
		{50929B21-30C7-4A9D-BC94-EBAAA236268F}.Release|Any CPU.ActiveCfg = Release|Any CPU
		{50929B21-30C7-4A9D-BC94-EBAAA236268F}.Release|Any CPU.Build.0 = Release|Any CPU
		{3B479606-8642-49DB-874E-545C33F2D876}.Debug|Any CPU.ActiveCfg = Debug|Any CPU
		{3B479606-8642-49DB-874E-545C33F2D876}.Debug|Any CPU.Build.0 = Debug|Any CPU
		{3B479606-8642-49DB-874E-545C33F2D876}.Release|Any CPU.ActiveCfg = Release|Any CPU
		{3B479606-8642-49DB-874E-545C33F2D876}.Release|Any CPU.Build.0 = Release|Any CPU
		{4E675C51-CC35-4C79-85C6-840585EF0626}.Debug|Any CPU.ActiveCfg = Debug|Any CPU
		{4E675C51-CC35-4C79-85C6-840585EF0626}.Debug|Any CPU.Build.0 = Debug|Any CPU
		{4E675C51-CC35-4C79-85C6-840585EF0626}.Release|Any CPU.ActiveCfg = Release|Any CPU
		{4E675C51-CC35-4C79-85C6-840585EF0626}.Release|Any CPU.Build.0 = Release|Any CPU
		{F7F6FAD5-2A2E-4D75-81D2-59AF252F9744}.Debug|Any CPU.ActiveCfg = Debug|Any CPU
		{F7F6FAD5-2A2E-4D75-81D2-59AF252F9744}.Debug|Any CPU.Build.0 = Debug|Any CPU
		{F7F6FAD5-2A2E-4D75-81D2-59AF252F9744}.Release|Any CPU.ActiveCfg = Release|Any CPU
		{F7F6FAD5-2A2E-4D75-81D2-59AF252F9744}.Release|Any CPU.Build.0 = Release|Any CPU
		{461F11B4-8052-4294-AC2C-9332C2EB0EAB}.Debug|Any CPU.ActiveCfg = Debug|Any CPU
		{461F11B4-8052-4294-AC2C-9332C2EB0EAB}.Debug|Any CPU.Build.0 = Debug|Any CPU
		{461F11B4-8052-4294-AC2C-9332C2EB0EAB}.Release|Any CPU.ActiveCfg = Release|Any CPU
		{461F11B4-8052-4294-AC2C-9332C2EB0EAB}.Release|Any CPU.Build.0 = Release|Any CPU
	EndGlobalSection
	GlobalSection(NestedProjects) = preSolution
		{8AEA1CFC-D9FF-48DB-B118-234D1D4BE983} = {0BA30F7E-62AC-4F32-941E-58E6DBAE880B}
		{7540AF09-489D-48C5-899B-2CCF5BDFC6B4} = {0BA30F7E-62AC-4F32-941E-58E6DBAE880B}
		{BD0997CA-CD43-4F5F-9F78-B89BD0A42207} = {0BA30F7E-62AC-4F32-941E-58E6DBAE880B}
		{63BDA06D-1C30-4C86-A657-6299FF284FF3} = {0BA30F7E-62AC-4F32-941E-58E6DBAE880B}
		{C548576F-DFEF-4484-949B-1411841EEB6B} = {9FE90C67-B8EC-4628-8A97-19507AFF9C45}
		{50929B21-30C7-4A9D-BC94-EBAAA236268F} = {9FE90C67-B8EC-4628-8A97-19507AFF9C45}
		{3B479606-8642-49DB-874E-545C33F2D876} = {0BA30F7E-62AC-4F32-941E-58E6DBAE880B}
		{4E675C51-CC35-4C79-85C6-840585EF0626} = {0BA30F7E-62AC-4F32-941E-58E6DBAE880B}
		{F7F6FAD5-2A2E-4D75-81D2-59AF252F9744} = {0BA30F7E-62AC-4F32-941E-58E6DBAE880B}
		{461F11B4-8052-4294-AC2C-9332C2EB0EAB} = {9FE90C67-B8EC-4628-8A97-19507AFF9C45}
	EndGlobalSection
EndGlobal
