
Microsoft Visual Studio Solution File, Format Version 12.00
Project("{2150E333-8FDC-42A3-9474-1A3956D46DE8}") = "Solution Items", "Solution Items", "{2CDD673C-969D-4D34-8660-AB9B3CC12617}"
	ProjectSection(SolutionItems) = preProject
		compose.yaml = compose.yaml
	EndProjectSection
EndProject
Project("{FAE04EC0-301F-11D3-BF4B-00C04F79EFBC}") = "CareerCompass.Api", "CareerCompass.Api\CareerCompass.Api.csproj", "{911D60DF-5133-4C47-A06B-385F467669CB}"
EndProject
Project("{FAE04EC0-301F-11D3-BF4B-00C04F79EFBC}") = "CareerCompass.Playground", "CareerCompass.Playground\CareerCompass.Playground.csproj", "{341C88CC-081F-4147-AB50-A6592E36D15A}"
EndProject
Project("{FAE04EC0-301F-11D3-BF4B-00C04F79EFBC}") = "CareerCompass.Application", "CareerCompass.Application\CareerCompass.Application.csproj", "{43C1D02A-2165-44BC-A486-C297A28B7A3E}"
EndProject
Project("{FAE04EC0-301F-11D3-BF4B-00C04F79EFBC}") = "CareerCompass.Infrastructure", "CareerCompass.Infrastructure\CareerCompass.Infrastructure.csproj", "{5E9C00A9-CDE5-434F-8166-EB31DE307103}"
EndProject
Global
	GlobalSection(SolutionConfigurationPlatforms) = preSolution
		Debug|Any CPU = Debug|Any CPU
		Release|Any CPU = Release|Any CPU
	EndGlobalSection
	GlobalSection(ProjectConfigurationPlatforms) = postSolution
		{5D0C3AF4-2C52-4230-875A-6F683111EC96}.Debug|Any CPU.ActiveCfg = Debug|Any CPU
		{5D0C3AF4-2C52-4230-875A-6F683111EC96}.Debug|Any CPU.Build.0 = Debug|Any CPU
		{5D0C3AF4-2C52-4230-875A-6F683111EC96}.Release|Any CPU.ActiveCfg = Release|Any CPU
		{5D0C3AF4-2C52-4230-875A-6F683111EC96}.Release|Any CPU.Build.0 = Release|Any CPU
		{911D60DF-5133-4C47-A06B-385F467669CB}.Debug|Any CPU.ActiveCfg = Debug|Any CPU
		{911D60DF-5133-4C47-A06B-385F467669CB}.Debug|Any CPU.Build.0 = Debug|Any CPU
		{911D60DF-5133-4C47-A06B-385F467669CB}.Release|Any CPU.ActiveCfg = Release|Any CPU
		{911D60DF-5133-4C47-A06B-385F467669CB}.Release|Any CPU.Build.0 = Release|Any CPU
		{341C88CC-081F-4147-AB50-A6592E36D15A}.Debug|Any CPU.ActiveCfg = Debug|Any CPU
		{341C88CC-081F-4147-AB50-A6592E36D15A}.Debug|Any CPU.Build.0 = Debug|Any CPU
		{341C88CC-081F-4147-AB50-A6592E36D15A}.Release|Any CPU.ActiveCfg = Release|Any CPU
		{341C88CC-081F-4147-AB50-A6592E36D15A}.Release|Any CPU.Build.0 = Release|Any CPU
		{43C1D02A-2165-44BC-A486-C297A28B7A3E}.Debug|Any CPU.ActiveCfg = Debug|Any CPU
		{43C1D02A-2165-44BC-A486-C297A28B7A3E}.Debug|Any CPU.Build.0 = Debug|Any CPU
		{43C1D02A-2165-44BC-A486-C297A28B7A3E}.Release|Any CPU.ActiveCfg = Release|Any CPU
		{43C1D02A-2165-44BC-A486-C297A28B7A3E}.Release|Any CPU.Build.0 = Release|Any CPU
		{5E9C00A9-CDE5-434F-8166-EB31DE307103}.Debug|Any CPU.ActiveCfg = Debug|Any CPU
		{5E9C00A9-CDE5-434F-8166-EB31DE307103}.Debug|Any CPU.Build.0 = Debug|Any CPU
		{5E9C00A9-CDE5-434F-8166-EB31DE307103}.Release|Any CPU.ActiveCfg = Release|Any CPU
		{5E9C00A9-CDE5-434F-8166-EB31DE307103}.Release|Any CPU.Build.0 = Release|Any CPU
	EndGlobalSection
EndGlobal
